
Microsoft Visual Studio Solution File, Format Version 12.00
# Visual Studio Version 17
VisualStudioVersion = 17.0.32014.148
MinimumVisualStudioVersion = 10.0.40219.1
Project("{9A19103F-16F7-4668-BE54-9A1E7A4F7556}") = "YizitPractical", "YizitPractical\YizitPractical.csproj", "{CDE60D52-F6ED-4BD3-8F8B-71171767D2CF}"
EndProject
Project("{2150E333-8FDC-42A3-9474-1A3956D46DE8}") = "Question1", "Question1", "{BD1E27D8-91DB-4178-9356-B377DC704124}"
EndProject
Project("{2150E333-8FDC-42A3-9474-1A3956D46DE8}") = "Question2", "Question2", "{F1C6A313-3365-4BF9-ACEB-C6BCD117BA39}"
EndProject
Project("{2150E333-8FDC-42A3-9474-1A3956D46DE8}") = "Question3", "Question3", "{38DF1C2C-EC4D-4D54-84F1-728029DCDAEB}"
EndProject
Project("{2150E333-8FDC-42A3-9474-1A3956D46DE8}") = "Question4", "Question4", "{3E63A6E3-5B18-43BB-8DF9-4FB7CA87B1B8}"
EndProject
Project("{2150E333-8FDC-42A3-9474-1A3956D46DE8}") = "Question5", "Question5", "{D16786B3-9450-403B-AA78-83CD45F78071}"
EndProject
Global
	GlobalSection(SolutionConfigurationPlatforms) = preSolution
		Debug|Any CPU = Debug|Any CPU
		Release|Any CPU = Release|Any CPU
	EndGlobalSection
	GlobalSection(ProjectConfigurationPlatforms) = postSolution
		{CDE60D52-F6ED-4BD3-8F8B-71171767D2CF}.Debug|Any CPU.ActiveCfg = Debug|Any CPU
		{CDE60D52-F6ED-4BD3-8F8B-71171767D2CF}.Debug|Any CPU.Build.0 = Debug|Any CPU
		{CDE60D52-F6ED-4BD3-8F8B-71171767D2CF}.Release|Any CPU.ActiveCfg = Release|Any CPU
		{CDE60D52-F6ED-4BD3-8F8B-71171767D2CF}.Release|Any CPU.Build.0 = Release|Any CPU
	EndGlobalSection
	GlobalSection(SolutionProperties) = preSolution
		HideSolutionNode = FALSE
	EndGlobalSection
	GlobalSection(ExtensibilityGlobals) = postSolution
		SolutionGuid = {25A0883D-87D1-4301-9D7F-EAB24CED0320}
	EndGlobalSection
EndGlobal
